// !$*UTF8*$!
{
	archiveVersion = 1;
	classes = {
	};
	objectVersion = 56;
	objects = {

/* Begin PBXBuildFile section */
		81586C1F2B220B7D00A81A9D /* MapView.swift in Sources */ = {isa = PBXBuildFile; fileRef = 81586C1E2B220B7D00A81A9D /* MapView.swift */; };
		81601E6E2B212EF5008CCE3A /* Montserrat.ttf in Resources */ = {isa = PBXBuildFile; fileRef = 81601E6D2B212EF5008CCE3A /* Montserrat.ttf */; };
		81601E762B215140008CCE3A /* background.mp4 in Resources */ = {isa = PBXBuildFile; fileRef = 81A746F52B1E258D007D852F /* background.mp4 */; };
		81A746FA2B1E2D66007D852F /* User.swift in Sources */ = {isa = PBXBuildFile; fileRef = 81A746F92B1E2D66007D852F /* User.swift */; };
		81A746FC2B1E2EAB007D852F /* Issue.swift in Sources */ = {isa = PBXBuildFile; fileRef = 81A746FB2B1E2EAB007D852F /* Issue.swift */; };
		81A746FF2B1E2EBD007D852F /* Company.swift in Sources */ = {isa = PBXBuildFile; fileRef = 81A746FE2B1E2EBD007D852F /* Company.swift */; };
		81A747012B1E2ECA007D852F /* Machine.swift in Sources */ = {isa = PBXBuildFile; fileRef = 81A747002B1E2ECA007D852F /* Machine.swift */; };
		81A747032B1E2ED3007D852F /* Message.swift in Sources */ = {isa = PBXBuildFile; fileRef = 81A747022B1E2ED3007D852F /* Message.swift */; };
		81A747052B1E2EE0007D852F /* Attachment.swift in Sources */ = {isa = PBXBuildFile; fileRef = 81A747042B1E2EE0007D852F /* Attachment.swift */; };
		81A747072B1E532F007D852F /* Utils.swift in Sources */ = {isa = PBXBuildFile; fileRef = 81A747062B1E532F007D852F /* Utils.swift */; };
		81A747132B1E9589007D852F /* Model.swift in Sources */ = {isa = PBXBuildFile; fileRef = 81A747122B1E9589007D852F /* Model.swift */; };
		81FC84BC2B1D1D6400C6595D /* VisconSupportApp.swift in Sources */ = {isa = PBXBuildFile; fileRef = 81FC84BB2B1D1D6400C6595D /* VisconSupportApp.swift */; };
		81FC84BE2B1D1D6400C6595D /* LoginView.swift in Sources */ = {isa = PBXBuildFile; fileRef = 81FC84BD2B1D1D6400C6595D /* LoginView.swift */; };
		81FC84C02B1D1D6700C6595D /* Assets.xcassets in Resources */ = {isa = PBXBuildFile; fileRef = 81FC84BF2B1D1D6700C6595D /* Assets.xcassets */; };
		81FC84CA2B1D20DB00C6595D /* Authentication.swift in Sources */ = {isa = PBXBuildFile; fileRef = 81FC84C92B1D20DB00C6595D /* Authentication.swift */; };
		81FC84CC2B1D21F000C6595D /* Requests.swift in Sources */ = {isa = PBXBuildFile; fileRef = 81FC84CB2B1D21F000C6595D /* Requests.swift */; };
		81FC84CE2B1D2BB200C6595D /* HomeView.swift in Sources */ = {isa = PBXBuildFile; fileRef = 81FC84CD2B1D2BB200C6595D /* HomeView.swift */; };
		81FC84D02B1D2BCD00C6595D /* UserHomeView.swift in Sources */ = {isa = PBXBuildFile; fileRef = 81FC84CF2B1D2BCD00C6595D /* UserHomeView.swift */; };
		81FC84D22B1D2BDE00C6595D /* EmployeeHomeView.swift in Sources */ = {isa = PBXBuildFile; fileRef = 81FC84D12B1D2BDE00C6595D /* EmployeeHomeView.swift */; };
		81FC84D42B1D2BE900C6595D /* AdminHomeView.swift in Sources */ = {isa = PBXBuildFile; fileRef = 81FC84D32B1D2BE900C6595D /* AdminHomeView.swift */; };
		81FC84DD2B1D577000C6595D /* AdminView.swift in Sources */ = {isa = PBXBuildFile; fileRef = 81FC84DC2B1D577000C6595D /* AdminView.swift */; };
		81FC84DF2B1D57A700C6595D /* UserView.swift in Sources */ = {isa = PBXBuildFile; fileRef = 81FC84DE2B1D57A700C6595D /* UserView.swift */; };
		81FC84E12B1D57CE00C6595D /* EmployeeView.swift in Sources */ = {isa = PBXBuildFile; fileRef = 81FC84E02B1D57CE00C6595D /* EmployeeView.swift */; };
		81FC84E32B1D5C5600C6595D /* AdminManageView.swift in Sources */ = {isa = PBXBuildFile; fileRef = 81FC84E22B1D5C5600C6595D /* AdminManageView.swift */; };
		81FC84E52B1D5D0800C6595D /* AdminManageIssuesView.swift in Sources */ = {isa = PBXBuildFile; fileRef = 81FC84E42B1D5D0800C6595D /* AdminManageIssuesView.swift */; };
		81FC84E72B1D5D9E00C6595D /* IssueView.swift in Sources */ = {isa = PBXBuildFile; fileRef = 81FC84E62B1D5D9E00C6595D /* IssueView.swift */; };
		81FC84E92B1D5E9500C6595D /* AdminManageUsersView.swift in Sources */ = {isa = PBXBuildFile; fileRef = 81FC84E82B1D5E9500C6595D /* AdminManageUsersView.swift */; };
		81FC84EB2B1D5EAF00C6595D /* AdminUserEditView.swift in Sources */ = {isa = PBXBuildFile; fileRef = 81FC84EA2B1D5EAF00C6595D /* AdminUserEditView.swift */; };
		81FC84ED2B1D5F1B00C6595D /* AdminManageCompaniesView.swift in Sources */ = {isa = PBXBuildFile; fileRef = 81FC84EC2B1D5F1B00C6595D /* AdminManageCompaniesView.swift */; };
		81FC84EF2B1D5F3A00C6595D /* AdminCompanyView.swift in Sources */ = {isa = PBXBuildFile; fileRef = 81FC84EE2B1D5F3A00C6595D /* AdminCompanyView.swift */; };
		81FC84F12B1D5FC700C6595D /* AccountView.swift in Sources */ = {isa = PBXBuildFile; fileRef = 81FC84F02B1D5FC700C6595D /* AccountView.swift */; };
		81FC84F32B1D60C000C6595D /* KeyValueRow.swift in Sources */ = {isa = PBXBuildFile; fileRef = 81FC84F22B1D60C000C6595D /* KeyValueRow.swift */; };
/* End PBXBuildFile section */

/* Begin PBXFileReference section */
		81586C1E2B220B7D00A81A9D /* MapView.swift */ = {isa = PBXFileReference; lastKnownFileType = sourcecode.swift; path = MapView.swift; sourceTree = "<group>"; };
		81601E6D2B212EF5008CCE3A /* Montserrat.ttf */ = {isa = PBXFileReference; lastKnownFileType = file; path = Montserrat.ttf; sourceTree = "<group>"; };
		81A746F52B1E258D007D852F /* background.mp4 */ = {isa = PBXFileReference; lastKnownFileType = file; path = background.mp4; sourceTree = "<group>"; };
		81A746F92B1E2D66007D852F /* User.swift */ = {isa = PBXFileReference; lastKnownFileType = sourcecode.swift; path = User.swift; sourceTree = "<group>"; };
		81A746FB2B1E2EAB007D852F /* Issue.swift */ = {isa = PBXFileReference; lastKnownFileType = sourcecode.swift; path = Issue.swift; sourceTree = "<group>"; };
		81A746FE2B1E2EBD007D852F /* Company.swift */ = {isa = PBXFileReference; lastKnownFileType = sourcecode.swift; path = Company.swift; sourceTree = "<group>"; };
		81A747002B1E2ECA007D852F /* Machine.swift */ = {isa = PBXFileReference; lastKnownFileType = sourcecode.swift; path = Machine.swift; sourceTree = "<group>"; };
		81A747022B1E2ED3007D852F /* Message.swift */ = {isa = PBXFileReference; lastKnownFileType = sourcecode.swift; path = Message.swift; sourceTree = "<group>"; };
		81A747042B1E2EE0007D852F /* Attachment.swift */ = {isa = PBXFileReference; lastKnownFileType = sourcecode.swift; path = Attachment.swift; sourceTree = "<group>"; };
		81A747062B1E532F007D852F /* Utils.swift */ = {isa = PBXFileReference; lastKnownFileType = sourcecode.swift; path = Utils.swift; sourceTree = "<group>"; };
		81A747122B1E9589007D852F /* Model.swift */ = {isa = PBXFileReference; lastKnownFileType = sourcecode.swift; path = Model.swift; sourceTree = "<group>"; };
		81FC84B82B1D1D6400C6595D /* VisconSupport.app */ = {isa = PBXFileReference; explicitFileType = wrapper.application; includeInIndex = 0; path = VisconSupport.app; sourceTree = BUILT_PRODUCTS_DIR; };
		81FC84BB2B1D1D6400C6595D /* VisconSupportApp.swift */ = {isa = PBXFileReference; lastKnownFileType = sourcecode.swift; path = VisconSupportApp.swift; sourceTree = "<group>"; };
		81FC84BD2B1D1D6400C6595D /* LoginView.swift */ = {isa = PBXFileReference; lastKnownFileType = sourcecode.swift; path = LoginView.swift; sourceTree = "<group>"; };
		81FC84BF2B1D1D6700C6595D /* Assets.xcassets */ = {isa = PBXFileReference; lastKnownFileType = folder.assetcatalog; path = Assets.xcassets; sourceTree = "<group>"; };
		81FC84C92B1D20DB00C6595D /* Authentication.swift */ = {isa = PBXFileReference; lastKnownFileType = sourcecode.swift; path = Authentication.swift; sourceTree = "<group>"; };
		81FC84CB2B1D21F000C6595D /* Requests.swift */ = {isa = PBXFileReference; lastKnownFileType = sourcecode.swift; path = Requests.swift; sourceTree = "<group>"; };
		81FC84CD2B1D2BB200C6595D /* HomeView.swift */ = {isa = PBXFileReference; lastKnownFileType = sourcecode.swift; path = HomeView.swift; sourceTree = "<group>"; };
		81FC84CF2B1D2BCD00C6595D /* UserHomeView.swift */ = {isa = PBXFileReference; lastKnownFileType = sourcecode.swift; path = UserHomeView.swift; sourceTree = "<group>"; };
		81FC84D12B1D2BDE00C6595D /* EmployeeHomeView.swift */ = {isa = PBXFileReference; lastKnownFileType = sourcecode.swift; path = EmployeeHomeView.swift; sourceTree = "<group>"; };
		81FC84D32B1D2BE900C6595D /* AdminHomeView.swift */ = {isa = PBXFileReference; lastKnownFileType = sourcecode.swift; path = AdminHomeView.swift; sourceTree = "<group>"; };
		81FC84DC2B1D577000C6595D /* AdminView.swift */ = {isa = PBXFileReference; lastKnownFileType = sourcecode.swift; path = AdminView.swift; sourceTree = "<group>"; };
		81FC84DE2B1D57A700C6595D /* UserView.swift */ = {isa = PBXFileReference; lastKnownFileType = sourcecode.swift; path = UserView.swift; sourceTree = "<group>"; };
		81FC84E02B1D57CE00C6595D /* EmployeeView.swift */ = {isa = PBXFileReference; lastKnownFileType = sourcecode.swift; path = EmployeeView.swift; sourceTree = "<group>"; };
		81FC84E22B1D5C5600C6595D /* AdminManageView.swift */ = {isa = PBXFileReference; lastKnownFileType = sourcecode.swift; path = AdminManageView.swift; sourceTree = "<group>"; };
		81FC84E42B1D5D0800C6595D /* AdminManageIssuesView.swift */ = {isa = PBXFileReference; lastKnownFileType = sourcecode.swift; path = AdminManageIssuesView.swift; sourceTree = "<group>"; };
		81FC84E62B1D5D9E00C6595D /* IssueView.swift */ = {isa = PBXFileReference; lastKnownFileType = sourcecode.swift; path = IssueView.swift; sourceTree = "<group>"; };
		81FC84E82B1D5E9500C6595D /* AdminManageUsersView.swift */ = {isa = PBXFileReference; lastKnownFileType = sourcecode.swift; path = AdminManageUsersView.swift; sourceTree = "<group>"; };
		81FC84EA2B1D5EAF00C6595D /* AdminUserEditView.swift */ = {isa = PBXFileReference; lastKnownFileType = sourcecode.swift; path = AdminUserEditView.swift; sourceTree = "<group>"; };
		81FC84EC2B1D5F1B00C6595D /* AdminManageCompaniesView.swift */ = {isa = PBXFileReference; lastKnownFileType = sourcecode.swift; path = AdminManageCompaniesView.swift; sourceTree = "<group>"; };
		81FC84EE2B1D5F3A00C6595D /* AdminCompanyView.swift */ = {isa = PBXFileReference; lastKnownFileType = sourcecode.swift; path = AdminCompanyView.swift; sourceTree = "<group>"; };
		81FC84F02B1D5FC700C6595D /* AccountView.swift */ = {isa = PBXFileReference; lastKnownFileType = sourcecode.swift; path = AccountView.swift; sourceTree = "<group>"; };
		81FC84F22B1D60C000C6595D /* KeyValueRow.swift */ = {isa = PBXFileReference; lastKnownFileType = sourcecode.swift; path = KeyValueRow.swift; sourceTree = "<group>"; };
/* End PBXFileReference section */

/* Begin PBXFrameworksBuildPhase section */
		81FC84B52B1D1D6400C6595D /* Frameworks */ = {
			isa = PBXFrameworksBuildPhase;
			buildActionMask = 2147483647;
			files = (
			);
			runOnlyForDeploymentPostprocessing = 0;
		};
/* End PBXFrameworksBuildPhase section */

/* Begin PBXGroup section */
		810CC1E92B24A1B600FB8258 /* Admin */ = {
			isa = PBXGroup;
			children = (
				81FC84EE2B1D5F3A00C6595D /* AdminCompanyView.swift */,
				81FC84D32B1D2BE900C6595D /* AdminHomeView.swift */,
				81FC84EC2B1D5F1B00C6595D /* AdminManageCompaniesView.swift */,
				81FC84E42B1D5D0800C6595D /* AdminManageIssuesView.swift */,
				81FC84E82B1D5E9500C6595D /* AdminManageUsersView.swift */,
				81FC84E22B1D5C5600C6595D /* AdminManageView.swift */,
				81FC84EA2B1D5EAF00C6595D /* AdminUserEditView.swift */,
				81FC84DC2B1D577000C6595D /* AdminView.swift */,
			);
			path = Admin;
			sourceTree = "<group>";
		};
		810CC1EA2B24A1C000FB8258 /* Employee */ = {
			isa = PBXGroup;
			children = (
				81FC84D12B1D2BDE00C6595D /* EmployeeHomeView.swift */,
				81FC84E02B1D57CE00C6595D /* EmployeeView.swift */,
			);
			path = Employee;
			sourceTree = "<group>";
		};
		810CC1EB2B24A1DC00FB8258 /* User */ = {
			isa = PBXGroup;
			children = (
				81FC84CF2B1D2BCD00C6595D /* UserHomeView.swift */,
				81FC84DE2B1D57A700C6595D /* UserView.swift */,
			);
			path = User;
			sourceTree = "<group>";
		};
		81601E6A2B212EB2008CCE3A /* Fonts */ = {
			isa = PBXGroup;
			children = (
				81601E6D2B212EF5008CCE3A /* Montserrat.ttf */,
			);
			path = Fonts;
			sourceTree = "<group>";
		};
		81A746F02B1E24CB007D852F /* API */ = {
			isa = PBXGroup;
			children = (
				81A746F82B1E2D57007D852F /* Models */,
				81FC84C92B1D20DB00C6595D /* Authentication.swift */,
				81FC84CB2B1D21F000C6595D /* Requests.swift */,
			);
			path = API;
			sourceTree = "<group>";
		};
		81A746F42B1E2587007D852F /* Videos */ = {
			isa = PBXGroup;
			children = (
				81A746F52B1E258D007D852F /* background.mp4 */,
			);
			path = Videos;
			sourceTree = "<group>";
		};
		81A746F82B1E2D57007D852F /* Models */ = {
			isa = PBXGroup;
			children = (
				81A746F92B1E2D66007D852F /* User.swift */,
				81A746FB2B1E2EAB007D852F /* Issue.swift */,
				81A746FE2B1E2EBD007D852F /* Company.swift */,
				81A747002B1E2ECA007D852F /* Machine.swift */,
				81A747022B1E2ED3007D852F /* Message.swift */,
				81A747042B1E2EE0007D852F /* Attachment.swift */,
				81A747122B1E9589007D852F /* Model.swift */,
			);
			path = Models;
			sourceTree = "<group>";
		};
		81FC84AF2B1D1D6400C6595D = {
			isa = PBXGroup;
			children = (
				81FC84BA2B1D1D6400C6595D /* VisconSupport */,
				81FC84B92B1D1D6400C6595D /* Products */,
			);
			sourceTree = "<group>";
		};
		81FC84B92B1D1D6400C6595D /* Products */ = {
			isa = PBXGroup;
			children = (
				81FC84B82B1D1D6400C6595D /* VisconSupport.app */,
			);
			name = Products;
			sourceTree = "<group>";
		};
		81FC84BA2B1D1D6400C6595D /* VisconSupport */ = {
			isa = PBXGroup;
			children = (
				81FC84BF2B1D1D6700C6595D /* Assets.xcassets */,
				81A746F42B1E2587007D852F /* Videos */,
				81601E6A2B212EB2008CCE3A /* Fonts */,
				81A746F02B1E24CB007D852F /* API */,
				810CC1E92B24A1B600FB8258 /* Admin */,
				810CC1EA2B24A1C000FB8258 /* Employee */,
				810CC1EB2B24A1DC00FB8258 /* User */,
				81FC84F02B1D5FC700C6595D /* AccountView.swift */,
				81FC84CD2B1D2BB200C6595D /* HomeView.swift */,
				81FC84E62B1D5D9E00C6595D /* IssueView.swift */,
				81FC84F22B1D60C000C6595D /* KeyValueRow.swift */,
				81FC84BD2B1D1D6400C6595D /* LoginView.swift */,
				81586C1E2B220B7D00A81A9D /* MapView.swift */,
				81A747062B1E532F007D852F /* Utils.swift */,
				81FC84BB2B1D1D6400C6595D /* VisconSupportApp.swift */,
			);
			path = VisconSupport;
			sourceTree = "<group>";
		};
/* End PBXGroup section */

/* Begin PBXNativeTarget section */
		81FC84B72B1D1D6400C6595D /* VisconSupport */ = {
			isa = PBXNativeTarget;
			buildConfigurationList = 81FC84C62B1D1D6700C6595D /* Build configuration list for PBXNativeTarget "VisconSupport" */;
			buildPhases = (
				81FC84B42B1D1D6400C6595D /* Sources */,
				81FC84B52B1D1D6400C6595D /* Frameworks */,
				81FC84B62B1D1D6400C6595D /* Resources */,
			);
			buildRules = (
			);
			dependencies = (
			);
			name = VisconSupport;
			packageProductDependencies = (
			);
			productName = VisconSupport;
			productReference = 81FC84B82B1D1D6400C6595D /* VisconSupport.app */;
			productType = "com.apple.product-type.application";
		};
/* End PBXNativeTarget section */

/* Begin PBXProject section */
		81FC84B02B1D1D6400C6595D /* Project object */ = {
			isa = PBXProject;
			attributes = {
				BuildIndependentTargetsInParallel = 1;
				LastSwiftUpdateCheck = 1500;
				LastUpgradeCheck = 1500;
				TargetAttributes = {
					81FC84B72B1D1D6400C6595D = {
						CreatedOnToolsVersion = 15.0;
					};
				};
			};
			buildConfigurationList = 81FC84B32B1D1D6400C6595D /* Build configuration list for PBXProject "VisconSupport" */;
			compatibilityVersion = "Xcode 14.0";
			developmentRegion = en;
			hasScannedForEncodings = 0;
			knownRegions = (
				en,
				Base,
			);
			mainGroup = 81FC84AF2B1D1D6400C6595D;
			packageReferences = (
			);
			productRefGroup = 81FC84B92B1D1D6400C6595D /* Products */;
			projectDirPath = "";
			projectRoot = "";
			targets = (
				81FC84B72B1D1D6400C6595D /* VisconSupport */,
			);
		};
/* End PBXProject section */

/* Begin PBXResourcesBuildPhase section */
		81FC84B62B1D1D6400C6595D /* Resources */ = {
			isa = PBXResourcesBuildPhase;
			buildActionMask = 2147483647;
			files = (
				81601E762B215140008CCE3A /* background.mp4 in Resources */,
				81FC84C02B1D1D6700C6595D /* Assets.xcassets in Resources */,
				81601E6E2B212EF5008CCE3A /* Montserrat.ttf in Resources */,
			);
			runOnlyForDeploymentPostprocessing = 0;
		};
/* End PBXResourcesBuildPhase section */

/* Begin PBXSourcesBuildPhase section */
		81FC84B42B1D1D6400C6595D /* Sources */ = {
			isa = PBXSourcesBuildPhase;
			buildActionMask = 2147483647;
			files = (
				81FC84DF2B1D57A700C6595D /* UserView.swift in Sources */,
				81FC84ED2B1D5F1B00C6595D /* AdminManageCompaniesView.swift in Sources */,
				81A747072B1E532F007D852F /* Utils.swift in Sources */,
				81FC84BE2B1D1D6400C6595D /* LoginView.swift in Sources */,
				81FC84CC2B1D21F000C6595D /* Requests.swift in Sources */,
				81FC84F12B1D5FC700C6595D /* AccountView.swift in Sources */,
				81586C1F2B220B7D00A81A9D /* MapView.swift in Sources */,
				81FC84EF2B1D5F3A00C6595D /* AdminCompanyView.swift in Sources */,
				81FC84BC2B1D1D6400C6595D /* VisconSupportApp.swift in Sources */,
				81FC84E92B1D5E9500C6595D /* AdminManageUsersView.swift in Sources */,
				81A746FC2B1E2EAB007D852F /* Issue.swift in Sources */,
				81A747032B1E2ED3007D852F /* Message.swift in Sources */,
				81A747052B1E2EE0007D852F /* Attachment.swift in Sources */,
				81FC84E12B1D57CE00C6595D /* EmployeeView.swift in Sources */,
				81FC84F32B1D60C000C6595D /* KeyValueRow.swift in Sources */,
				81A747132B1E9589007D852F /* Model.swift in Sources */,
				81FC84E52B1D5D0800C6595D /* AdminManageIssuesView.swift in Sources */,
				81FC84D42B1D2BE900C6595D /* AdminHomeView.swift in Sources */,
				81FC84E72B1D5D9E00C6595D /* IssueView.swift in Sources */,
				81FC84DD2B1D577000C6595D /* AdminView.swift in Sources */,
				81FC84E32B1D5C5600C6595D /* AdminManageView.swift in Sources */,
				81A747012B1E2ECA007D852F /* Machine.swift in Sources */,
				81FC84EB2B1D5EAF00C6595D /* AdminUserEditView.swift in Sources */,
				81FC84CE2B1D2BB200C6595D /* HomeView.swift in Sources */,
				81FC84D02B1D2BCD00C6595D /* UserHomeView.swift in Sources */,
				81FC84CA2B1D20DB00C6595D /* Authentication.swift in Sources */,
				81FC84D22B1D2BDE00C6595D /* EmployeeHomeView.swift in Sources */,
				81A746FA2B1E2D66007D852F /* User.swift in Sources */,
				81A746FF2B1E2EBD007D852F /* Company.swift in Sources */,
			);
			runOnlyForDeploymentPostprocessing = 0;
		};
/* End PBXSourcesBuildPhase section */

/* Begin XCBuildConfiguration section */
		81FC84C42B1D1D6700C6595D /* Debug */ = {
			isa = XCBuildConfiguration;
			buildSettings = {
				ALWAYS_SEARCH_USER_PATHS = NO;
				ASSETCATALOG_COMPILER_GENERATE_SWIFT_ASSET_SYMBOL_EXTENSIONS = YES;
				CLANG_ANALYZER_NONNULL = YES;
				CLANG_ANALYZER_NUMBER_OBJECT_CONVERSION = YES_AGGRESSIVE;
				CLANG_CXX_LANGUAGE_STANDARD = "gnu++20";
				CLANG_ENABLE_MODULES = YES;
				CLANG_ENABLE_OBJC_ARC = YES;
				CLANG_ENABLE_OBJC_WEAK = YES;
				CLANG_WARN_BLOCK_CAPTURE_AUTORELEASING = YES;
				CLANG_WARN_BOOL_CONVERSION = YES;
				CLANG_WARN_COMMA = YES;
				CLANG_WARN_CONSTANT_CONVERSION = YES;
				CLANG_WARN_DEPRECATED_OBJC_IMPLEMENTATIONS = YES;
				CLANG_WARN_DIRECT_OBJC_ISA_USAGE = YES_ERROR;
				CLANG_WARN_DOCUMENTATION_COMMENTS = YES;
				CLANG_WARN_EMPTY_BODY = YES;
				CLANG_WARN_ENUM_CONVERSION = YES;
				CLANG_WARN_INFINITE_RECURSION = YES;
				CLANG_WARN_INT_CONVERSION = YES;
				CLANG_WARN_NON_LITERAL_NULL_CONVERSION = YES;
				CLANG_WARN_OBJC_IMPLICIT_RETAIN_SELF = YES;
				CLANG_WARN_OBJC_LITERAL_CONVERSION = YES;
				CLANG_WARN_OBJC_ROOT_CLASS = YES_ERROR;
				CLANG_WARN_QUOTED_INCLUDE_IN_FRAMEWORK_HEADER = YES;
				CLANG_WARN_RANGE_LOOP_ANALYSIS = YES;
				CLANG_WARN_STRICT_PROTOTYPES = YES;
				CLANG_WARN_SUSPICIOUS_MOVE = YES;
				CLANG_WARN_UNGUARDED_AVAILABILITY = YES_AGGRESSIVE;
				CLANG_WARN_UNREACHABLE_CODE = YES;
				CLANG_WARN__DUPLICATE_METHOD_MATCH = YES;
				COPY_PHASE_STRIP = NO;
				DEBUG_INFORMATION_FORMAT = dwarf;
				ENABLE_STRICT_OBJC_MSGSEND = YES;
				ENABLE_TESTABILITY = YES;
				ENABLE_USER_SCRIPT_SANDBOXING = YES;
				GCC_C_LANGUAGE_STANDARD = gnu17;
				GCC_DYNAMIC_NO_PIC = NO;
				GCC_NO_COMMON_BLOCKS = YES;
				GCC_OPTIMIZATION_LEVEL = 0;
				GCC_PREPROCESSOR_DEFINITIONS = (
					"DEBUG=1",
					"$(inherited)",
				);
				GCC_WARN_64_TO_32_BIT_CONVERSION = YES;
				GCC_WARN_ABOUT_RETURN_TYPE = YES_ERROR;
				GCC_WARN_UNDECLARED_SELECTOR = YES;
				GCC_WARN_UNINITIALIZED_AUTOS = YES_AGGRESSIVE;
				GCC_WARN_UNUSED_FUNCTION = YES;
				GCC_WARN_UNUSED_VARIABLE = YES;
				IPHONEOS_DEPLOYMENT_TARGET = 17.0;
				LOCALIZATION_PREFERS_STRING_CATALOGS = YES;
				MTL_ENABLE_DEBUG_INFO = INCLUDE_SOURCE;
				MTL_FAST_MATH = YES;
				ONLY_ACTIVE_ARCH = YES;
				SDKROOT = iphoneos;
				SWIFT_ACTIVE_COMPILATION_CONDITIONS = "DEBUG $(inherited)";
				SWIFT_OPTIMIZATION_LEVEL = "-Onone";
			};
			name = Debug;
		};
		81FC84C52B1D1D6700C6595D /* Release */ = {
			isa = XCBuildConfiguration;
			buildSettings = {
				ALWAYS_SEARCH_USER_PATHS = NO;
				ASSETCATALOG_COMPILER_GENERATE_SWIFT_ASSET_SYMBOL_EXTENSIONS = YES;
				CLANG_ANALYZER_NONNULL = YES;
				CLANG_ANALYZER_NUMBER_OBJECT_CONVERSION = YES_AGGRESSIVE;
				CLANG_CXX_LANGUAGE_STANDARD = "gnu++20";
				CLANG_ENABLE_MODULES = YES;
				CLANG_ENABLE_OBJC_ARC = YES;
				CLANG_ENABLE_OBJC_WEAK = YES;
				CLANG_WARN_BLOCK_CAPTURE_AUTORELEASING = YES;
				CLANG_WARN_BOOL_CONVERSION = YES;
				CLANG_WARN_COMMA = YES;
				CLANG_WARN_CONSTANT_CONVERSION = YES;
				CLANG_WARN_DEPRECATED_OBJC_IMPLEMENTATIONS = YES;
				CLANG_WARN_DIRECT_OBJC_ISA_USAGE = YES_ERROR;
				CLANG_WARN_DOCUMENTATION_COMMENTS = YES;
				CLANG_WARN_EMPTY_BODY = YES;
				CLANG_WARN_ENUM_CONVERSION = YES;
				CLANG_WARN_INFINITE_RECURSION = YES;
				CLANG_WARN_INT_CONVERSION = YES;
				CLANG_WARN_NON_LITERAL_NULL_CONVERSION = YES;
				CLANG_WARN_OBJC_IMPLICIT_RETAIN_SELF = YES;
				CLANG_WARN_OBJC_LITERAL_CONVERSION = YES;
				CLANG_WARN_OBJC_ROOT_CLASS = YES_ERROR;
				CLANG_WARN_QUOTED_INCLUDE_IN_FRAMEWORK_HEADER = YES;
				CLANG_WARN_RANGE_LOOP_ANALYSIS = YES;
				CLANG_WARN_STRICT_PROTOTYPES = YES;
				CLANG_WARN_SUSPICIOUS_MOVE = YES;
				CLANG_WARN_UNGUARDED_AVAILABILITY = YES_AGGRESSIVE;
				CLANG_WARN_UNREACHABLE_CODE = YES;
				CLANG_WARN__DUPLICATE_METHOD_MATCH = YES;
				COPY_PHASE_STRIP = NO;
				DEBUG_INFORMATION_FORMAT = "dwarf-with-dsym";
				ENABLE_NS_ASSERTIONS = NO;
				ENABLE_STRICT_OBJC_MSGSEND = YES;
				ENABLE_USER_SCRIPT_SANDBOXING = YES;
				GCC_C_LANGUAGE_STANDARD = gnu17;
				GCC_NO_COMMON_BLOCKS = YES;
				GCC_WARN_64_TO_32_BIT_CONVERSION = YES;
				GCC_WARN_ABOUT_RETURN_TYPE = YES_ERROR;
				GCC_WARN_UNDECLARED_SELECTOR = YES;
				GCC_WARN_UNINITIALIZED_AUTOS = YES_AGGRESSIVE;
				GCC_WARN_UNUSED_FUNCTION = YES;
				GCC_WARN_UNUSED_VARIABLE = YES;
				IPHONEOS_DEPLOYMENT_TARGET = 17.0;
				LOCALIZATION_PREFERS_STRING_CATALOGS = YES;
				MTL_ENABLE_DEBUG_INFO = NO;
				MTL_FAST_MATH = YES;
				SDKROOT = iphoneos;
				SWIFT_COMPILATION_MODE = wholemodule;
				VALIDATE_PRODUCT = YES;
			};
			name = Release;
		};
		81FC84C72B1D1D6700C6595D /* Debug */ = {
			isa = XCBuildConfiguration;
			buildSettings = {
				ASSETCATALOG_COMPILER_APPICON_NAME = AppIcon;
				ASSETCATALOG_COMPILER_GLOBAL_ACCENT_COLOR_NAME = AccentColor;
				CODE_SIGN_STYLE = Automatic;
				CURRENT_PROJECT_VERSION = 1;
				DEVELOPMENT_ASSET_PATHS = "\"VisconSupport/Preview Content\"";
				DEVELOPMENT_TEAM = 625D2F4L5H;
				ENABLE_PREVIEWS = YES;
				GENERATE_INFOPLIST_FILE = YES;
				INFOPLIST_FILE = VisconSupport/Info.plist;
				INFOPLIST_KEY_CFBundleDisplayName = "Viscon Support";
				INFOPLIST_KEY_LSApplicationCategoryType = "public.app-category.utilities";
				INFOPLIST_KEY_UIApplicationSceneManifest_Generation = YES;
				INFOPLIST_KEY_UIApplicationSupportsIndirectInputEvents = YES;
				INFOPLIST_KEY_UILaunchScreen_Generation = YES;
				INFOPLIST_KEY_UIRequiresFullScreen = NO;
				INFOPLIST_KEY_UIStatusBarStyle = "";
				INFOPLIST_KEY_UISupportedInterfaceOrientations = "UIInterfaceOrientationLandscapeLeft UIInterfaceOrientationLandscapeRight UIInterfaceOrientationPortrait";
				LD_RUNPATH_SEARCH_PATHS = (
					"$(inherited)",
					"@executable_path/Frameworks",
				);
				MARKETING_VERSION = 1.0;
				PRODUCT_BUNDLE_IDENTIFIER = com.ZoutigeWolf.VisconSupport;
				PRODUCT_NAME = "$(TARGET_NAME)";
				SWIFT_EMIT_LOC_STRINGS = YES;
				SWIFT_VERSION = 5.0;
				TARGETED_DEVICE_FAMILY = "1,2";
			};
			name = Debug;
		};
		81FC84C82B1D1D6700C6595D /* Release */ = {
			isa = XCBuildConfiguration;
			buildSettings = {
				ASSETCATALOG_COMPILER_APPICON_NAME = AppIcon;
				ASSETCATALOG_COMPILER_GLOBAL_ACCENT_COLOR_NAME = AccentColor;
				CODE_SIGN_STYLE = Automatic;
				CURRENT_PROJECT_VERSION = 1;
				DEVELOPMENT_ASSET_PATHS = "\"VisconSupport/Preview Content\"";
				DEVELOPMENT_TEAM = 625D2F4L5H;
				ENABLE_PREVIEWS = YES;
				GENERATE_INFOPLIST_FILE = YES;
				INFOPLIST_FILE = VisconSupport/Info.plist;
				INFOPLIST_KEY_CFBundleDisplayName = "Viscon Support";
				INFOPLIST_KEY_LSApplicationCategoryType = "public.app-category.utilities";
				INFOPLIST_KEY_UIApplicationSceneManifest_Generation = YES;
				INFOPLIST_KEY_UIApplicationSupportsIndirectInputEvents = YES;
				INFOPLIST_KEY_UILaunchScreen_Generation = YES;
				INFOPLIST_KEY_UIRequiresFullScreen = NO;
				INFOPLIST_KEY_UIStatusBarStyle = "";
				INFOPLIST_KEY_UISupportedInterfaceOrientations = "UIInterfaceOrientationLandscapeLeft UIInterfaceOrientationLandscapeRight UIInterfaceOrientationPortrait";
				LD_RUNPATH_SEARCH_PATHS = (
					"$(inherited)",
					"@executable_path/Frameworks",
				);
				MARKETING_VERSION = 1.0;
				PRODUCT_BUNDLE_IDENTIFIER = com.ZoutigeWolf.VisconSupport;
				PRODUCT_NAME = "$(TARGET_NAME)";
				SWIFT_EMIT_LOC_STRINGS = YES;
				SWIFT_VERSION = 5.0;
				TARGETED_DEVICE_FAMILY = "1,2";
			};
			name = Release;
		};
/* End XCBuildConfiguration section */

/* Begin XCConfigurationList section */
		81FC84B32B1D1D6400C6595D /* Build configuration list for PBXProject "VisconSupport" */ = {
			isa = XCConfigurationList;
			buildConfigurations = (
				81FC84C42B1D1D6700C6595D /* Debug */,
				81FC84C52B1D1D6700C6595D /* Release */,
			);
			defaultConfigurationIsVisible = 0;
			defaultConfigurationName = Release;
		};
		81FC84C62B1D1D6700C6595D /* Build configuration list for PBXNativeTarget "VisconSupport" */ = {
			isa = XCConfigurationList;
			buildConfigurations = (
				81FC84C72B1D1D6700C6595D /* Debug */,
				81FC84C82B1D1D6700C6595D /* Release */,
			);
			defaultConfigurationIsVisible = 0;
			defaultConfigurationName = Release;
		};
/* End XCConfigurationList section */
	};
	rootObject = 81FC84B02B1D1D6400C6595D /* Project object */;
}
